<?xml version="1.0" encoding="utf-8"?>
<Project ToolsVersion="4.0" xmlns="http://schemas.microsoft.com/developer/msbuild/2003">
  <ItemGroup>
    <ClCompile Include="audio.cpp">
      <Filter>Source Files</Filter>
    </ClCompile>
    <ClCompile Include="Box.cpp">
      <Filter>Source Files</Filter>
    </ClCompile>
    <ClCompile Include="Bullet.cpp">
      <Filter>Source Files</Filter>
    </ClCompile>
    <ClCompile Include="Colored Cube App.cpp">
      <Filter>Source Files</Filter>
    </ClCompile>
    <ClCompile Include="d3dApp.cpp">
      <Filter>Source Files</Filter>
    </ClCompile>
    <ClCompile Include="debugText.cpp">
      <Filter>Source Files</Filter>
    </ClCompile>
    <ClCompile Include="Enemy.cpp">
      <Filter>Source Files</Filter>
    </ClCompile>
    <ClCompile Include="GameObject.cpp">
      <Filter>Source Files</Filter>
    </ClCompile>
    <ClCompile Include="GameTimer.cpp">
      <Filter>Source Files</Filter>
    </ClCompile>
    <ClCompile Include="input.cpp">
      <Filter>Source Files</Filter>
    </ClCompile>
    <ClCompile Include="Line.cpp">
      <Filter>Source Files</Filter>
    </ClCompile>
    <ClCompile Include="LineObject.cpp">
      <Filter>Source Files</Filter>
    </ClCompile>
    <ClCompile Include="Origin.cpp">
      <Filter>Source Files</Filter>
    </ClCompile>
    <ClCompile Include="pickup.cpp">
      <Filter>Source Files</Filter>
    </ClCompile>
    <ClCompile Include="Player.cpp">
      <Filter>Source Files</Filter>
    </ClCompile>
    <ClCompile Include="Quad.cpp">
      <Filter>Source Files</Filter>
    </ClCompile>
    <ClCompile Include="Wall.cpp">
      <Filter>Source Files</Filter>
    </ClCompile>
    <ClCompile Include="Waypoint.cpp">
      <Filter>Source Files</Filter>
    </ClCompile>
    <ClCompile Include="LampPost.cpp">
      <Filter>Source Files</Filter>
    </ClCompile>
  </ItemGroup>
  <ItemGroup>
    <ClInclude Include="audio.h">
      <Filter>Headers</Filter>
    </ClInclude>
    <ClInclude Include="Box.h">
      <Filter>Headers</Filter>
    </ClInclude>
    <ClInclude Include="Bullet.h">
      <Filter>Headers</Filter>
    </ClInclude>
    <ClInclude Include="constants.h">
      <Filter>Headers</Filter>
    </ClInclude>
    <ClInclude Include="d3dApp.h">
      <Filter>Headers</Filter>
    </ClInclude>
    <ClInclude Include="d3dUtil.h">
      <Filter>Headers</Filter>
    </ClInclude>
    <ClInclude Include="debugText.h">
      <Filter>Headers</Filter>
    </ClInclude>
    <ClInclude Include="Enemy.h">
      <Filter>Headers</Filter>
    </ClInclude>
    <ClInclude Include="gameError.h">
      <Filter>Headers</Filter>
    </ClInclude>
    <ClInclude Include="GameObject.h">
      <Filter>Headers</Filter>
    </ClInclude>
    <ClInclude Include="GameTimer.h">
      <Filter>Headers</Filter>
    </ClInclude>
    <ClInclude Include="input.h">
      <Filter>Headers</Filter>
    </ClInclude>
    <ClInclude Include="Light.h">
      <Filter>Headers</Filter>
    </ClInclude>
    <ClInclude Include="Line.h">
      <Filter>Headers</Filter>
    </ClInclude>
    <ClInclude Include="LineObject.h">
      <Filter>Headers</Filter>
    </ClInclude>
    <ClInclude Include="namespaces.h">
      <Filter>Headers</Filter>
    </ClInclude>
    <ClInclude Include="Origin.h">
      <Filter>Headers</Filter>
    </ClInclude>
    <ClInclude Include="pickup.h">
      <Filter>Headers</Filter>
    </ClInclude>
    <ClInclude Include="Player.h">
      <Filter>Headers</Filter>
    </ClInclude>
    <ClInclude Include="Quad.h">
      <Filter>Headers</Filter>
    </ClInclude>
    <ClInclude Include="resource.h">
      <Filter>Headers</Filter>
    </ClInclude>
    <ClInclude Include="Vertex.h">
      <Filter>Headers</Filter>
    </ClInclude>
    <ClInclude Include="Wall.h">
      <Filter>Headers</Filter>
    </ClInclude>
    <ClInclude Include="Waypoint.h">
      <Filter>Headers</Filter>
    </ClInclude>
    <ClInclude Include="LampPost.h">
      <Filter>Headers</Filter>
    </ClInclude>
  </ItemGroup>
  <ItemGroup>
    <None Include="ClassDiagram.cd">
      <Filter>Resource Files</Filter>
    </None>
    <None Include="color.fx">
      <Filter>Resource Files</Filter>
    </None>
    <None Include="lighthelper.fx">
      <Filter>Resource Files</Filter>
    </None>
    <None Include="lighting.fx">
      <Filter>Resource Files</Filter>
    </None>
  </ItemGroup>
  <ItemGroup>
    <Filter Include="Headers">
      <UniqueIdentifier>{a730dd6a-f088-4400-8191-22fccbd778c9}</UniqueIdentifier>
    </Filter>
    <Filter Include="Source Files">
      <UniqueIdentifier>{50875345-d635-4d9e-9cf2-66ab8b669053}</UniqueIdentifier>
    </Filter>
    <Filter Include="Resource Files">
      <UniqueIdentifier>{1b06e99d-7c05-4659-8445-03831a20f477}</UniqueIdentifier>
    </Filter>
  </ItemGroup>
  <ItemGroup>
    <ResourceCompile Include="Colored Cube.rc">
      <Filter>Resource Files</Filter>
    </ResourceCompile>
  </ItemGroup>
</Project>